%{
  "elixir_make": {:hex, :elixir_make, "0.6.3", "bc07d53221216838d79e03a8019d0839786703129599e9619f4ab74c8c096eac", [:mix], [], "hexpm", "f5cbd651c5678bcaabdbb7857658ee106b12509cd976c2c2fca99688e1daf716"},
  "teletype": {:git, "https://github.com/samuelventura/teletype", "556b3e0a04e743aeffd12eabc734a096ee383eb8", []},
}
